
Microsoft Visual Studio Solution File, Format Version 12.00
# Visual Studio 15
VisualStudioVersion = 15.0.26730.16
MinimumVisualStudioVersion = 10.0.40219.1
Project("{FAE04EC0-301F-11D3-BF4B-00C04F79EFBC}") = "BlueUpdate", "BlueUpdate\BlueUpdate.csproj", "{D9B2471C-9048-4795-BEAB-BC099A3518B6}"
EndProject
Project("{FAE04EC0-301F-11D3-BF4B-00C04F79EFBC}") = "BlueUpdate Updater", "BlueUpdate Updater\BlueUpdate Updater.csproj", "{A7F835C7-9F74-4C26-8A8C-07E5A2E7DEED}"
EndProject
Global
	GlobalSection(SolutionConfigurationPlatforms) = preSolution
		Debug|Any CPU = Debug|Any CPU
		Release|Any CPU = Release|Any CPU
	EndGlobalSection
	GlobalSection(ProjectConfigurationPlatforms) = postSolution
		{D9B2471C-9048-4795-BEAB-BC099A3518B6}.Debug|Any CPU.ActiveCfg = Release|Any CPU
		{D9B2471C-9048-4795-BEAB-BC099A3518B6}.Debug|Any CPU.Build.0 = Release|Any CPU
		{D9B2471C-9048-4795-BEAB-BC099A3518B6}.Release|Any CPU.ActiveCfg = Release|Any CPU
		{D9B2471C-9048-4795-BEAB-BC099A3518B6}.Release|Any CPU.Build.0 = Release|Any CPU
		{A7F835C7-9F74-4C26-8A8C-07E5A2E7DEED}.Debug|Any CPU.ActiveCfg = Release|Any CPU
		{A7F835C7-9F74-4C26-8A8C-07E5A2E7DEED}.Debug|Any CPU.Build.0 = Release|Any CPU
		{A7F835C7-9F74-4C26-8A8C-07E5A2E7DEED}.Release|Any CPU.ActiveCfg = Release|Any CPU
		{A7F835C7-9F74-4C26-8A8C-07E5A2E7DEED}.Release|Any CPU.Build.0 = Release|Any CPU
	EndGlobalSection
	GlobalSection(SolutionProperties) = preSolution
		HideSolutionNode = FALSE
	EndGlobalSection
	GlobalSection(ExtensibilityGlobals) = postSolution
		SolutionGuid = {0B2E110C-29C1-4401-8F67-181EE445F9C9}
	EndGlobalSection
EndGlobal
